
Microsoft Visual Studio Solution File, Format Version 12.00
# Visual Studio Version 17
VisualStudioVersion = 17.14.36121.58
MinimumVisualStudioVersion = 10.0.40219.1
Project("{FAE04EC0-301F-11D3-BF4B-00C04F79EFBC}") = "BusinessAgenda.Core", "BusinessAgenda.Core\BusinessAgenda.Core.csproj", "{E26DD575-5B30-4DDA-A68E-DE371651CB0B}"
EndProject
Project("{FAE04EC0-301F-11D3-BF4B-00C04F79EFBC}") = "BusinessAgenda.Application", "BusinessAgenda.Application\BusinessAgenda.Application.csproj", "{B2149BBC-D536-43C3-8B09-FCA4E176D23A}"
EndProject
Project("{FAE04EC0-301F-11D3-BF4B-00C04F79EFBC}") = "BusinessAgenda.Infrastructure", "BusinessAgenda.Infrastructure\BusinessAgenda.Infrastructure.csproj", "{C5BA1006-7BDB-4BE0-B6DA-A84A70286FD6}"
EndProject
Project("{FAE04EC0-301F-11D3-BF4B-00C04F79EFBC}") = "BusinessAgenda.API", "BusinesAgenda.Api\BusinessAgenda.API.csproj", "{B061086A-5DA5-DD3E-1AF1-ACCE796A4388}"
EndProject
Project("{2150E333-8FDC-42A3-9474-1A3956D46DE8}") = "Solution Items", "Solution Items", "{02EA681E-C7D8-13C7-8484-4AC65E1B71E8}"
	ProjectSection(SolutionItems) = preProject
		.editorconfig = .editorconfig
	EndProjectSection
EndProject
Global
	GlobalSection(SolutionConfigurationPlatforms) = preSolution
		Debug|Any CPU = Debug|Any CPU
		Release|Any CPU = Release|Any CPU
	EndGlobalSection
	GlobalSection(ProjectConfigurationPlatforms) = postSolution
		{E26DD575-5B30-4DDA-A68E-DE371651CB0B}.Debug|Any CPU.ActiveCfg = Debug|Any CPU
		{E26DD575-5B30-4DDA-A68E-DE371651CB0B}.Debug|Any CPU.Build.0 = Debug|Any CPU
		{E26DD575-5B30-4DDA-A68E-DE371651CB0B}.Release|Any CPU.ActiveCfg = Release|Any CPU
		{E26DD575-5B30-4DDA-A68E-DE371651CB0B}.Release|Any CPU.Build.0 = Release|Any CPU
		{B2149BBC-D536-43C3-8B09-FCA4E176D23A}.Debug|Any CPU.ActiveCfg = Debug|Any CPU
		{B2149BBC-D536-43C3-8B09-FCA4E176D23A}.Debug|Any CPU.Build.0 = Debug|Any CPU
		{B2149BBC-D536-43C3-8B09-FCA4E176D23A}.Release|Any CPU.ActiveCfg = Release|Any CPU
		{B2149BBC-D536-43C3-8B09-FCA4E176D23A}.Release|Any CPU.Build.0 = Release|Any CPU
		{C5BA1006-7BDB-4BE0-B6DA-A84A70286FD6}.Debug|Any CPU.ActiveCfg = Debug|Any CPU
		{C5BA1006-7BDB-4BE0-B6DA-A84A70286FD6}.Debug|Any CPU.Build.0 = Debug|Any CPU
		{C5BA1006-7BDB-4BE0-B6DA-A84A70286FD6}.Release|Any CPU.ActiveCfg = Release|Any CPU
		{C5BA1006-7BDB-4BE0-B6DA-A84A70286FD6}.Release|Any CPU.Build.0 = Release|Any CPU
		{B061086A-5DA5-DD3E-1AF1-ACCE796A4388}.Debug|Any CPU.ActiveCfg = Debug|Any CPU
		{B061086A-5DA5-DD3E-1AF1-ACCE796A4388}.Debug|Any CPU.Build.0 = Debug|Any CPU
		{B061086A-5DA5-DD3E-1AF1-ACCE796A4388}.Release|Any CPU.ActiveCfg = Release|Any CPU
		{B061086A-5DA5-DD3E-1AF1-ACCE796A4388}.Release|Any CPU.Build.0 = Release|Any CPU
	EndGlobalSection
	GlobalSection(SolutionProperties) = preSolution
		HideSolutionNode = FALSE
	EndGlobalSection
	GlobalSection(ExtensibilityGlobals) = postSolution
		SolutionGuid = {8147EE5B-B671-45E0-A682-AF76746099D1}
	EndGlobalSection
EndGlobal
